
Microsoft Visual Studio Solution File, Format Version 12.00
# Visual Studio Version 17
VisualStudioVersion = 17.8.34511.84
MinimumVisualStudioVersion = 10.0.40219.1
Project("{FAE04EC0-301F-11D3-BF4B-00C04F79EFBC}") = "P02_Melvin", "P02_Melvin\P02_Melvin.csproj", "{7947D40C-F1A8-45D6-A7AA-5D6BAF987D84}"
EndProject
Global
	GlobalSection(SolutionConfigurationPlatforms) = preSolution
		Debug|Any CPU = Debug|Any CPU
		Release|Any CPU = Release|Any CPU
	EndGlobalSection
	GlobalSection(ProjectConfigurationPlatforms) = postSolution
		{7947D40C-F1A8-45D6-A7AA-5D6BAF987D84}.Debug|Any CPU.ActiveCfg = Debug|Any CPU
		{7947D40C-F1A8-45D6-A7AA-5D6BAF987D84}.Debug|Any CPU.Build.0 = Debug|Any CPU
		{7947D40C-F1A8-45D6-A7AA-5D6BAF987D84}.Release|Any CPU.ActiveCfg = Release|Any CPU
		{7947D40C-F1A8-45D6-A7AA-5D6BAF987D84}.Release|Any CPU.Build.0 = Release|Any CPU
	EndGlobalSection
	GlobalSection(SolutionProperties) = preSolution
		HideSolutionNode = FALSE
	EndGlobalSection
	GlobalSection(ExtensibilityGlobals) = postSolution
		SolutionGuid = {8DC994AE-C969-41DF-A828-6F4474ED00F7}
	EndGlobalSection
EndGlobal
